
Microsoft Visual Studio Solution File, Format Version 12.00
# Visual Studio 15
VisualStudioVersion = 15.0.28307.705
MinimumVisualStudioVersion = 10.0.40219.1
Project("{8BC9CEB8-8B4A-11D0-8D11-00A0C91BC942}") = "BSTree", "BSTree\BSTree.vcxproj", "{81F66013-9291-4446-9EB1-DC11ED313519}"
EndProject
Global
	GlobalSection(SolutionConfigurationPlatforms) = preSolution
		Debug|x64 = Debug|x64
		Debug|x86 = Debug|x86
		Release|x64 = Release|x64
		Release|x86 = Release|x86
	EndGlobalSection
	GlobalSection(ProjectConfigurationPlatforms) = postSolution
		{81F66013-9291-4446-9EB1-DC11ED313519}.Debug|x64.ActiveCfg = Debug|x64
		{81F66013-9291-4446-9EB1-DC11ED313519}.Debug|x64.Build.0 = Debug|x64
		{81F66013-9291-4446-9EB1-DC11ED313519}.Debug|x86.ActiveCfg = Debug|Win32
		{81F66013-9291-4446-9EB1-DC11ED313519}.Debug|x86.Build.0 = Debug|Win32
		{81F66013-9291-4446-9EB1-DC11ED313519}.Release|x64.ActiveCfg = Release|x64
		{81F66013-9291-4446-9EB1-DC11ED313519}.Release|x64.Build.0 = Release|x64
		{81F66013-9291-4446-9EB1-DC11ED313519}.Release|x86.ActiveCfg = Release|Win32
		{81F66013-9291-4446-9EB1-DC11ED313519}.Release|x86.Build.0 = Release|Win32
	EndGlobalSection
	GlobalSection(SolutionProperties) = preSolution
		HideSolutionNode = FALSE
	EndGlobalSection
	GlobalSection(ExtensibilityGlobals) = postSolution
		SolutionGuid = {F2AF2863-0068-47C4-91D0-ACF933A379EC}
	EndGlobalSection
EndGlobal
