
Microsoft Visual Studio Solution File, Format Version 12.00
# Visual Studio Version 16
VisualStudioVersion = 16.0.29519.87
MinimumVisualStudioVersion = 10.0.40219.1
Project("{8BC9CEB8-8B4A-11D0-8D11-00A0C91BC942}") = "client", "client\client.vcxproj", "{DCBD99F3-CAB3-4274-86D6-01C6AB243981}"
EndProject
Global
	GlobalSection(SolutionConfigurationPlatforms) = preSolution
		Debug|x64 = Debug|x64
		Debug|x86 = Debug|x86
		Release|x64 = Release|x64
		Release|x86 = Release|x86
	EndGlobalSection
	GlobalSection(ProjectConfigurationPlatforms) = postSolution
		{DCBD99F3-CAB3-4274-86D6-01C6AB243981}.Debug|x64.ActiveCfg = Debug|x64
		{DCBD99F3-CAB3-4274-86D6-01C6AB243981}.Debug|x64.Build.0 = Debug|x64
		{DCBD99F3-CAB3-4274-86D6-01C6AB243981}.Debug|x86.ActiveCfg = Debug|Win32
		{DCBD99F3-CAB3-4274-86D6-01C6AB243981}.Debug|x86.Build.0 = Debug|Win32
		{DCBD99F3-CAB3-4274-86D6-01C6AB243981}.Release|x64.ActiveCfg = Release|x64
		{DCBD99F3-CAB3-4274-86D6-01C6AB243981}.Release|x64.Build.0 = Release|x64
		{DCBD99F3-CAB3-4274-86D6-01C6AB243981}.Release|x86.ActiveCfg = Release|Win32
		{DCBD99F3-CAB3-4274-86D6-01C6AB243981}.Release|x86.Build.0 = Release|Win32
	EndGlobalSection
	GlobalSection(SolutionProperties) = preSolution
		HideSolutionNode = FALSE
	EndGlobalSection
	GlobalSection(ExtensibilityGlobals) = postSolution
		SolutionGuid = {210B6F4B-0C4B-4CD9-95DA-7BD1842CDA24}
	EndGlobalSection
EndGlobal
