<?xml version="1.0" encoding="utf-8"?>
<Project ToolsVersion="4.0" xmlns="http://schemas.microsoft.com/developer/msbuild/2003">
  <ItemGroup>
    <Filter Include="소스 파일">
      <UniqueIdentifier>{4FC737F1-C7A5-4376-A066-2A32D752A2FF}</UniqueIdentifier>
      <Extensions>cpp;c;cc;cxx;def;odl;idl;hpj;bat;asm;asmx</Extensions>
    </Filter>
    <Filter Include="헤더 파일">
      <UniqueIdentifier>{93995380-89BD-4b04-88EB-625FBE52EBFB}</UniqueIdentifier>
      <Extensions>h;hh;hpp;hxx;hm;inl;inc;ipp;xsd</Extensions>
    </Filter>
    <Filter Include="리소스 파일">
      <UniqueIdentifier>{67DA6AB6-F800-4c08-8B7A-83BB121AAD01}</UniqueIdentifier>
      <Extensions>rc;ico;cur;bmp;dlg;rc2;rct;bin;rgs;gif;jpg;jpeg;jpe;resx;tiff;tif;png;wav;mfcribbon-ms</Extensions>
    </Filter>
    <Filter Include="소스 파일\BaseScene">
      <UniqueIdentifier>{c231892c-66de-41dd-9c48-4281d95ccde4}</UniqueIdentifier>
    </Filter>
    <Filter Include="소스 파일\BaseObject">
      <UniqueIdentifier>{75241180-d28b-4bb5-b555-301ee9449512}</UniqueIdentifier>
    </Filter>
    <Filter Include="소스 파일\BaseObject\Enemy">
      <UniqueIdentifier>{4bfc61f0-a464-431d-8ba5-8a05bdef4853}</UniqueIdentifier>
    </Filter>
    <Filter Include="소스 파일\BaseObject\Bullet">
      <UniqueIdentifier>{74b6ef6d-47e2-49a4-aa86-5cf156fbd344}</UniqueIdentifier>
    </Filter>
    <Filter Include="소스 파일\BaseObject\Player">
      <UniqueIdentifier>{75e0936f-cb72-4c14-a95f-676f5f311f23}</UniqueIdentifier>
    </Filter>
    <Filter Include="소스 파일\BaseScene\Scene">
      <UniqueIdentifier>{ea43751f-d70d-41cb-b182-bb09def55dcc}</UniqueIdentifier>
    </Filter>
    <Filter Include="소스 파일\BaseStage">
      <UniqueIdentifier>{2d1196a6-220c-4a62-81f5-9b6fc75f003d}</UniqueIdentifier>
    </Filter>
    <Filter Include="소스 파일\BaseStage\Stage">
      <UniqueIdentifier>{c97127cd-1527-4c56-b8cc-493121f84e8f}</UniqueIdentifier>
    </Filter>
    <Filter Include="소스 파일\Manager">
      <UniqueIdentifier>{df9e1d2b-939c-45f3-a9cb-e2352a7b0152}</UniqueIdentifier>
    </Filter>
    <Filter Include="소스 파일\UI">
      <UniqueIdentifier>{015a2a54-149f-4934-96d4-33bbe6942e89}</UniqueIdentifier>
    </Filter>
  </ItemGroup>
  <ItemGroup>
    <ClCompile Include="main.cpp">
      <Filter>소스 파일</Filter>
    </ClCompile>
    <ClCompile Include="Console.cpp">
      <Filter>소스 파일</Filter>
    </ClCompile>
    <ClCompile Include="CStage1.cpp">
      <Filter>소스 파일\BaseStage\Stage</Filter>
    </ClCompile>
    <ClCompile Include="CStage2.cpp">
      <Filter>소스 파일\BaseStage\Stage</Filter>
    </ClCompile>
    <ClCompile Include="CStage3.cpp">
      <Filter>소스 파일\BaseStage\Stage</Filter>
    </ClCompile>
    <ClCompile Include="CSceneGame.cpp">
      <Filter>소스 파일\BaseScene\Scene</Filter>
    </ClCompile>
    <ClCompile Include="CSceneOver.cpp">
      <Filter>소스 파일\BaseScene\Scene</Filter>
    </ClCompile>
    <ClCompile Include="CSceneTitle.cpp">
      <Filter>소스 파일\BaseScene\Scene</Filter>
    </ClCompile>
    <ClCompile Include="CPlayer.cpp">
      <Filter>소스 파일\BaseObject\Player</Filter>
    </ClCompile>
    <ClCompile Include="CEnemy.cpp">
      <Filter>소스 파일\BaseObject\Enemy</Filter>
    </ClCompile>
    <ClCompile Include="CBullet.cpp">
      <Filter>소스 파일\BaseObject\Bullet</Filter>
    </ClCompile>
    <ClCompile Include="CSceneBase.cpp">
      <Filter>소스 파일\BaseScene</Filter>
    </ClCompile>
    <ClCompile Include="CBaseObject.cpp">
      <Filter>소스 파일\BaseObject</Filter>
    </ClCompile>
    <ClCompile Include="CStageBase.cpp">
      <Filter>소스 파일\BaseStage</Filter>
    </ClCompile>
    <ClCompile Include="CObjectManager.cpp">
      <Filter>소스 파일\Manager</Filter>
    </ClCompile>
    <ClCompile Include="CSceneManager.cpp">
      <Filter>소스 파일\Manager</Filter>
    </ClCompile>
    <ClCompile Include="CMessageQueue.cpp">
      <Filter>소스 파일\Manager</Filter>
    </ClCompile>
    <ClCompile Include="UI.cpp">
      <Filter>소스 파일\UI</Filter>
    </ClCompile>
  </ItemGroup>
  <ItemGroup>
    <ClInclude Include="Console.h">
      <Filter>헤더 파일</Filter>
    </ClInclude>
    <ClInclude Include="global.h">
      <Filter>헤더 파일</Filter>
    </ClInclude>
    <ClInclude Include="CPlayer.h">
      <Filter>소스 파일\BaseObject\Player</Filter>
    </ClInclude>
    <ClInclude Include="CSceneTitle.h">
      <Filter>소스 파일\BaseScene\Scene</Filter>
    </ClInclude>
    <ClInclude Include="CSceneGame.h">
      <Filter>소스 파일\BaseScene\Scene</Filter>
    </ClInclude>
    <ClInclude Include="CSceneOver.h">
      <Filter>소스 파일\BaseScene\Scene</Filter>
    </ClInclude>
    <ClInclude Include="CStage3.h">
      <Filter>소스 파일\BaseStage\Stage</Filter>
    </ClInclude>
    <ClInclude Include="CEnemy.h">
      <Filter>소스 파일\BaseObject\Enemy</Filter>
    </ClInclude>
    <ClInclude Include="CStage2.h">
      <Filter>소스 파일\BaseStage\Stage</Filter>
    </ClInclude>
    <ClInclude Include="CStage1.h">
      <Filter>소스 파일\BaseStage\Stage</Filter>
    </ClInclude>
    <ClInclude Include="CBullet.h">
      <Filter>소스 파일\BaseObject\Bullet</Filter>
    </ClInclude>
    <ClInclude Include="CSceneBase.h">
      <Filter>소스 파일\BaseScene</Filter>
    </ClInclude>
    <ClInclude Include="CBaseObject.h">
      <Filter>소스 파일\BaseObject</Filter>
    </ClInclude>
    <ClInclude Include="CStageBase.h">
      <Filter>소스 파일\BaseStage</Filter>
    </ClInclude>
    <ClInclude Include="CSceneManager.h">
      <Filter>소스 파일\Manager</Filter>
    </ClInclude>
    <ClInclude Include="CObjectManager.h">
      <Filter>소스 파일\Manager</Filter>
    </ClInclude>
    <ClInclude Include="CMessageQueue.h">
      <Filter>소스 파일\Manager</Filter>
    </ClInclude>
    <ClInclude Include="UI.h">
      <Filter>소스 파일\UI</Filter>
    </ClInclude>
  </ItemGroup>
</Project>