
Microsoft Visual Studio Solution File, Format Version 12.00
# Visual Studio 15
VisualStudioVersion = 15.0.28307.705
MinimumVisualStudioVersion = 10.0.40219.1
Project("{8BC9CEB8-8B4A-11D0-8D11-00A0C91BC942}") = "Project1", "Project1\Project1.vcxproj", "{7071D92D-4F9D-46AA-B100-DC1CE9D67EA7}"
EndProject
Global
	GlobalSection(SolutionConfigurationPlatforms) = preSolution
		Debug|x64 = Debug|x64
		Debug|x86 = Debug|x86
		Release|x64 = Release|x64
		Release|x86 = Release|x86
	EndGlobalSection
	GlobalSection(ProjectConfigurationPlatforms) = postSolution
		{7071D92D-4F9D-46AA-B100-DC1CE9D67EA7}.Debug|x64.ActiveCfg = Debug|x64
		{7071D92D-4F9D-46AA-B100-DC1CE9D67EA7}.Debug|x64.Build.0 = Debug|x64
		{7071D92D-4F9D-46AA-B100-DC1CE9D67EA7}.Debug|x86.ActiveCfg = Debug|Win32
		{7071D92D-4F9D-46AA-B100-DC1CE9D67EA7}.Debug|x86.Build.0 = Debug|Win32
		{7071D92D-4F9D-46AA-B100-DC1CE9D67EA7}.Release|x64.ActiveCfg = Release|x64
		{7071D92D-4F9D-46AA-B100-DC1CE9D67EA7}.Release|x64.Build.0 = Release|x64
		{7071D92D-4F9D-46AA-B100-DC1CE9D67EA7}.Release|x86.ActiveCfg = Release|Win32
		{7071D92D-4F9D-46AA-B100-DC1CE9D67EA7}.Release|x86.Build.0 = Release|Win32
	EndGlobalSection
	GlobalSection(SolutionProperties) = preSolution
		HideSolutionNode = FALSE
	EndGlobalSection
	GlobalSection(ExtensibilityGlobals) = postSolution
		SolutionGuid = {4C9B2CA4-E1F1-4ABC-AA3D-A29A922E059F}
	EndGlobalSection
EndGlobal
